
Microsoft Visual Studio Solution File, Format Version 12.00
# Visual Studio Version 17
VisualStudioVersion = 17.8.34227.203
MinimumVisualStudioVersion = 10.0.40219.1
Project("{FAE04EC0-301F-11D3-BF4B-00C04F79EFBC}") = "Dice-game", "Dice-game\Dice-game.csproj", "{C2E8ED11-953A-479D-84B2-62263D646294}"
EndProject
Global
	GlobalSection(SolutionConfigurationPlatforms) = preSolution
		Debug|Any CPU = Debug|Any CPU
		Release|Any CPU = Release|Any CPU
	EndGlobalSection
	GlobalSection(ProjectConfigurationPlatforms) = postSolution
		{C2E8ED11-953A-479D-84B2-62263D646294}.Debug|Any CPU.ActiveCfg = Debug|Any CPU
		{C2E8ED11-953A-479D-84B2-62263D646294}.Debug|Any CPU.Build.0 = Debug|Any CPU
		{C2E8ED11-953A-479D-84B2-62263D646294}.Release|Any CPU.ActiveCfg = Release|Any CPU
		{C2E8ED11-953A-479D-84B2-62263D646294}.Release|Any CPU.Build.0 = Release|Any CPU
	EndGlobalSection
	GlobalSection(SolutionProperties) = preSolution
		HideSolutionNode = FALSE
	EndGlobalSection
	GlobalSection(ExtensibilityGlobals) = postSolution
		SolutionGuid = {046476C1-D4AC-4B2F-922E-56776FFDE1D4}
	EndGlobalSection
EndGlobal
